// !$*UTF8*$!
{
	archiveVersion = 1;
	classes = {
	};
	objectVersion = 46;
	objects = {

/* Begin PBXBuildFile section */
		E577728A1B0B3FFA00F56647 /* main.m in Sources */ = {isa = PBXBuildFile; fileRef = E57772891B0B3FFA00F56647 /* main.m */; };
		E577728D1B0B3FFA00F56647 /* AppDelegate.m in Sources */ = {isa = PBXBuildFile; fileRef = E577728C1B0B3FFA00F56647 /* AppDelegate.m */; };
		E57772901B0B3FFA00F56647 /* ViewController.m in Sources */ = {isa = PBXBuildFile; fileRef = E577728F1B0B3FFA00F56647 /* ViewController.m */; };
		E57772931B0B3FFA00F56647 /* Main.storyboard in Resources */ = {isa = PBXBuildFile; fileRef = E57772911B0B3FFA00F56647 /* Main.storyboard */; };
		E57772951B0B3FFA00F56647 /* Images.xcassets in Resources */ = {isa = PBXBuildFile; fileRef = E57772941B0B3FFA00F56647 /* Images.xcassets */; };
		E57772981B0B3FFA00F56647 /* LaunchScreen.xib in Resources */ = {isa = PBXBuildFile; fileRef = E57772961B0B3FFA00F56647 /* LaunchScreen.xib */; };
		E57772A41B0B3FFA00F56647 /* EZAudioSampleTests.m in Sources */ = {isa = PBXBuildFile; fileRef = E57772A31B0B3FFA00F56647 /* EZAudioSampleTests.m */; };
		E57772AE1B0B404500F56647 /* AudioToolbox.framework in Frameworks */ = {isa = PBXBuildFile; fileRef = E57772AD1B0B404500F56647 /* AudioToolbox.framework */; };
		E57772B01B0B404D00F56647 /* AVFoundation.framework in Frameworks */ = {isa = PBXBuildFile; fileRef = E57772AF1B0B404D00F56647 /* AVFoundation.framework */; };
		E57772B21B0B405500F56647 /* GLKit.framework in Frameworks */ = {isa = PBXBuildFile; fileRef = E57772B11B0B405500F56647 /* GLKit.framework */; };
		E57772B61B0B422600F56647 /* Podfile in Resources */ = {isa = PBXBuildFile; fileRef = E57772B51B0B422600F56647 /* Podfile */; };
		EDC6E91685CCE43292FD2A75 /* libPods-EZAudioSample.a in Frameworks */ = {isa = PBXBuildFile; fileRef = BDCC3FEB29CB99A42B6410EF /* libPods-EZAudioSample.a */; };
/* End PBXBuildFile section */

/* Begin PBXContainerItemProxy section */
		E577729E1B0B3FFA00F56647 /* PBXContainerItemProxy */ = {
			isa = PBXContainerItemProxy;
			containerPortal = E577727C1B0B3FFA00F56647 /* Project object */;
			proxyType = 1;
			remoteGlobalIDString = E57772831B0B3FFA00F56647;
			remoteInfo = EZAudioSample;
		};
/* End PBXContainerItemProxy section */

/* Begin PBXFileReference section */
		2A4D3F7F608F0FA1A56DEB77 /* Pods-EZAudioSample.debug.xcconfig */ = {isa = PBXFileReference; includeInIndex = 1; lastKnownFileType = text.xcconfig; name = "Pods-EZAudioSample.debug.xcconfig"; path = "Pods/Target Support Files/Pods-EZAudioSample/Pods-EZAudioSample.debug.xcconfig"; sourceTree = "<group>"; };
		B80A6C38870414E31A99B665 /* Pods-EZAudioSample.release.xcconfig */ = {isa = PBXFileReference; includeInIndex = 1; lastKnownFileType = text.xcconfig; name = "Pods-EZAudioSample.release.xcconfig"; path = "Pods/Target Support Files/Pods-EZAudioSample/Pods-EZAudioSample.release.xcconfig"; sourceTree = "<group>"; };
		BDCC3FEB29CB99A42B6410EF /* libPods-EZAudioSample.a */ = {isa = PBXFileReference; explicitFileType = archive.ar; includeInIndex = 0; path = "libPods-EZAudioSample.a"; sourceTree = BUILT_PRODUCTS_DIR; };
		E57772841B0B3FFA00F56647 /* EZAudioSample.app */ = {isa = PBXFileReference; explicitFileType = wrapper.application; includeInIndex = 0; path = EZAudioSample.app; sourceTree = BUILT_PRODUCTS_DIR; };
		E57772881B0B3FFA00F56647 /* Info.plist */ = {isa = PBXFileReference; lastKnownFileType = text.plist.xml; path = Info.plist; sourceTree = "<group>"; };
		E57772891B0B3FFA00F56647 /* main.m */ = {isa = PBXFileReference; lastKnownFileType = sourcecode.c.objc; path = main.m; sourceTree = "<group>"; };
		E577728B1B0B3FFA00F56647 /* AppDelegate.h */ = {isa = PBXFileReference; lastKnownFileType = sourcecode.c.h; path = AppDelegate.h; sourceTree = "<group>"; };
		E577728C1B0B3FFA00F56647 /* AppDelegate.m */ = {isa = PBXFileReference; lastKnownFileType = sourcecode.c.objc; path = AppDelegate.m; sourceTree = "<group>"; };
		E577728E1B0B3FFA00F56647 /* ViewController.h */ = {isa = PBXFileReference; lastKnownFileType = sourcecode.c.h; path = ViewController.h; sourceTree = "<group>"; };
		E577728F1B0B3FFA00F56647 /* ViewController.m */ = {isa = PBXFileReference; lastKnownFileType = sourcecode.c.objc; path = ViewController.m; sourceTree = "<group>"; };
		E57772921B0B3FFA00F56647 /* Base */ = {isa = PBXFileReference; lastKnownFileType = file.storyboard; name = Base; path = Base.lproj/Main.storyboard; sourceTree = "<group>"; };
		E57772941B0B3FFA00F56647 /* Images.xcassets */ = {isa = PBXFileReference; lastKnownFileType = folder.assetcatalog; path = Images.xcassets; sourceTree = "<group>"; };
		E57772971B0B3FFA00F56647 /* Base */ = {isa = PBXFileReference; lastKnownFileType = file.xib; name = Base; path = Base.lproj/LaunchScreen.xib; sourceTree = "<group>"; };
		E577729D1B0B3FFA00F56647 /* EZAudioSampleTests.xctest */ = {isa = PBXFileReference; explicitFileType = wrapper.cfbundle; includeInIndex = 0; path = EZAudioSampleTests.xctest; sourceTree = BUILT_PRODUCTS_DIR; };
		E57772A21B0B3FFA00F56647 /* Info.plist */ = {isa = PBXFileReference; lastKnownFileType = text.plist.xml; path = Info.plist; sourceTree = "<group>"; };
		E57772A31B0B3FFA00F56647 /* EZAudioSampleTests.m */ = {isa = PBXFileReference; lastKnownFileType = sourcecode.c.objc; path = EZAudioSampleTests.m; sourceTree = "<group>"; };
		E57772AD1B0B404500F56647 /* AudioToolbox.framework */ = {isa = PBXFileReference; lastKnownFileType = wrapper.framework; name = AudioToolbox.framework; path = System/Library/Frameworks/AudioToolbox.framework; sourceTree = SDKROOT; };
		E57772AF1B0B404D00F56647 /* AVFoundation.framework */ = {isa = PBXFileReference; lastKnownFileType = wrapper.framework; name = AVFoundation.framework; path = System/Library/Frameworks/AVFoundation.framework; sourceTree = SDKROOT; };
		E57772B11B0B405500F56647 /* GLKit.framework */ = {isa = PBXFileReference; lastKnownFileType = wrapper.framework; name = GLKit.framework; path = System/Library/Frameworks/GLKit.framework; sourceTree = SDKROOT; };
		E57772B51B0B422600F56647 /* Podfile */ = {isa = PBXFileReference; fileEncoding = 4; lastKnownFileType = text; path = Podfile; sourceTree = "<group>"; xcLanguageSpecificationIdentifier = xcode.lang.ruby; };
/* End PBXFileReference section */

/* Begin PBXFrameworksBuildPhase section */
		E57772811B0B3FFA00F56647 /* Frameworks */ = {
			isa = PBXFrameworksBuildPhase;
			buildActionMask = 2147483647;
			files = (
				E57772B21B0B405500F56647 /* GLKit.framework in Frameworks */,
				E57772B01B0B404D00F56647 /* AVFoundation.framework in Frameworks */,
				E57772AE1B0B404500F56647 /* AudioToolbox.framework in Frameworks */,
				EDC6E91685CCE43292FD2A75 /* libPods-EZAudioSample.a in Frameworks */,
			);
			runOnlyForDeploymentPostprocessing = 0;
		};
		E577729A1B0B3FFA00F56647 /* Frameworks */ = {
			isa = PBXFrameworksBuildPhase;
			buildActionMask = 2147483647;
			files = (
			);
			runOnlyForDeploymentPostprocessing = 0;
		};
/* End PBXFrameworksBuildPhase section */

/* Begin PBXGroup section */
		BB25AB14636DEF6E743126B3 /* Frameworks */ = {
			isa = PBXGroup;
			children = (
				BDCC3FEB29CB99A42B6410EF /* libPods-EZAudioSample.a */,
			);
			name = Frameworks;
			sourceTree = "<group>";
		};
		C3203DA3176586FF27E3237D /* Pods */ = {
			isa = PBXGroup;
			children = (
				2A4D3F7F608F0FA1A56DEB77 /* Pods-EZAudioSample.debug.xcconfig */,
				B80A6C38870414E31A99B665 /* Pods-EZAudioSample.release.xcconfig */,
			);
			name = Pods;
			sourceTree = "<group>";
		};
		E577727B1B0B3FFA00F56647 = {
			isa = PBXGroup;
			children = (
				E57772B51B0B422600F56647 /* Podfile */,
				E57772B11B0B405500F56647 /* GLKit.framework */,
				E57772AF1B0B404D00F56647 /* AVFoundation.framework */,
				E57772AD1B0B404500F56647 /* AudioToolbox.framework */,
				E57772861B0B3FFA00F56647 /* EZAudioSample */,
				E57772A01B0B3FFA00F56647 /* EZAudioSampleTests */,
				E57772851B0B3FFA00F56647 /* Products */,
				C3203DA3176586FF27E3237D /* Pods */,
				BB25AB14636DEF6E743126B3 /* Frameworks */,
			);
			sourceTree = "<group>";
		};
		E57772851B0B3FFA00F56647 /* Products */ = {
			isa = PBXGroup;
			children = (
				E57772841B0B3FFA00F56647 /* EZAudioSample.app */,
				E577729D1B0B3FFA00F56647 /* EZAudioSampleTests.xctest */,
			);
			name = Products;
			sourceTree = "<group>";
		};
		E57772861B0B3FFA00F56647 /* EZAudioSample */ = {
			isa = PBXGroup;
			children = (
				E577728B1B0B3FFA00F56647 /* AppDelegate.h */,
				E577728C1B0B3FFA00F56647 /* AppDelegate.m */,
				E577728E1B0B3FFA00F56647 /* ViewController.h */,
				E577728F1B0B3FFA00F56647 /* ViewController.m */,
				E57772911B0B3FFA00F56647 /* Main.storyboard */,
				E57772941B0B3FFA00F56647 /* Images.xcassets */,
				E57772961B0B3FFA00F56647 /* LaunchScreen.xib */,
				E57772871B0B3FFA00F56647 /* Supporting Files */,
			);
			path = EZAudioSample;
			sourceTree = "<group>";
		};
		E57772871B0B3FFA00F56647 /* Supporting Files */ = {
			isa = PBXGroup;
			children = (
				E57772881B0B3FFA00F56647 /* Info.plist */,
				E57772891B0B3FFA00F56647 /* main.m */,
			);
			name = "Supporting Files";
			sourceTree = "<group>";
		};
		E57772A01B0B3FFA00F56647 /* EZAudioSampleTests */ = {
			isa = PBXGroup;
			children = (
				E57772A31B0B3FFA00F56647 /* EZAudioSampleTests.m */,
				E57772A11B0B3FFA00F56647 /* Supporting Files */,
			);
			path = EZAudioSampleTests;
			sourceTree = "<group>";
		};
		E57772A11B0B3FFA00F56647 /* Supporting Files */ = {
			isa = PBXGroup;
			children = (
				E57772A21B0B3FFA00F56647 /* Info.plist */,
			);
			name = "Supporting Files";
			sourceTree = "<group>";
		};
/* End PBXGroup section */

/* Begin PBXNativeTarget section */
		E57772831B0B3FFA00F56647 /* EZAudioSample */ = {
			isa = PBXNativeTarget;
			buildConfigurationList = E57772A71B0B3FFA00F56647 /* Build configuration list for PBXNativeTarget "EZAudioSample" */;
			buildPhases = (
				DED3923924ED5E228B39D8B9 /* Check Pods Manifest.lock */,
				E57772801B0B3FFA00F56647 /* Sources */,
				E57772811B0B3FFA00F56647 /* Frameworks */,
				E57772821B0B3FFA00F56647 /* Resources */,
				35CD8BC43AEDE8539C1667DA /* Copy Pods Resources */,
			);
			buildRules = (
			);
			dependencies = (
			);
			name = EZAudioSample;
			productName = EZAudioSample;
			productReference = E57772841B0B3FFA00F56647 /* EZAudioSample.app */;
			productType = "com.apple.product-type.application";
		};
		E577729C1B0B3FFA00F56647 /* EZAudioSampleTests */ = {
			isa = PBXNativeTarget;
			buildConfigurationList = E57772AA1B0B3FFA00F56647 /* Build configuration list for PBXNativeTarget "EZAudioSampleTests" */;
			buildPhases = (
				E57772991B0B3FFA00F56647 /* Sources */,
				E577729A1B0B3FFA00F56647 /* Frameworks */,
				E577729B1B0B3FFA00F56647 /* Resources */,
			);
			buildRules = (
			);
			dependencies = (
				E577729F1B0B3FFA00F56647 /* PBXTargetDependency */,
			);
			name = EZAudioSampleTests;
			productName = EZAudioSampleTests;
			productReference = E577729D1B0B3FFA00F56647 /* EZAudioSampleTests.xctest */;
			productType = "com.apple.product-type.bundle.unit-test";
		};
/* End PBXNativeTarget section */

/* Begin PBXProject section */
		E577727C1B0B3FFA00F56647 /* Project object */ = {
			isa = PBXProject;
			attributes = {
				LastUpgradeCheck = 0630;
				ORGANIZATIONNAME = Nakama;
				TargetAttributes = {
					E57772831B0B3FFA00F56647 = {
						CreatedOnToolsVersion = 6.3.1;
					};
					E577729C1B0B3FFA00F56647 = {
						CreatedOnToolsVersion = 6.3.1;
						TestTargetID = E57772831B0B3FFA00F56647;
					};
				};
			};
			buildConfigurationList = E577727F1B0B3FFA00F56647 /* Build configuration list for PBXProject "EZAudioSample" */;
			compatibilityVersion = "Xcode 3.2";
			developmentRegion = English;
			hasScannedForEncodings = 0;
			knownRegions = (
				en,
				Base,
			);
			mainGroup = E577727B1B0B3FFA00F56647;
			productRefGroup = E57772851B0B3FFA00F56647 /* Products */;
			projectDirPath = "";
			projectRoot = "";
			targets = (
				E57772831B0B3FFA00F56647 /* EZAudioSample */,
				E577729C1B0B3FFA00F56647 /* EZAudioSampleTests */,
			);
		};
/* End PBXProject section */

/* Begin PBXResourcesBuildPhase section */
		E57772821B0B3FFA00F56647 /* Resources */ = {
			isa = PBXResourcesBuildPhase;
			buildActionMask = 2147483647;
			files = (
				E57772931B0B3FFA00F56647 /* Main.storyboard in Resources */,
				E57772981B0B3FFA00F56647 /* LaunchScreen.xib in Resources */,
				E57772B61B0B422600F56647 /* Podfile in Resources */,
				E57772951B0B3FFA00F56647 /* Images.xcassets in Resources */,
			);
			runOnlyForDeploymentPostprocessing = 0;
		};
		E577729B1B0B3FFA00F56647 /* Resources */ = {
			isa = PBXResourcesBuildPhase;
			buildActionMask = 2147483647;
			files = (
			);
			runOnlyForDeploymentPostprocessing = 0;
		};
/* End PBXResourcesBuildPhase section */

/* Begin PBXShellScriptBuildPhase section */
		35CD8BC43AEDE8539C1667DA /* Copy Pods Resources */ = {
			isa = PBXShellScriptBuildPhase;
			buildActionMask = 2147483647;
			files = (
			);
			inputPaths = (
			);
			name = "Copy Pods Resources";
			outputPaths = (
			);
			runOnlyForDeploymentPostprocessing = 0;
			shellPath = /bin/sh;
			shellScript = "\"${SRCROOT}/Pods/Target Support Files/Pods-EZAudioSample/Pods-EZAudioSample-resources.sh\"\n";
			showEnvVarsInLog = 0;
		};
		DED3923924ED5E228B39D8B9 /* Check Pods Manifest.lock */ = {
			isa = PBXShellScriptBuildPhase;
			buildActionMask = 2147483647;
			files = (
			);
			inputPaths = (
			);
			name = "Check Pods Manifest.lock";
			outputPaths = (
			);
			runOnlyForDeploymentPostprocessing = 0;
			shellPath = /bin/sh;
			shellScript = "diff \"${PODS_ROOT}/../Podfile.lock\" \"${PODS_ROOT}/Manifest.lock\" > /dev/null\nif [[ $? != 0 ]] ; then\n    cat << EOM\nerror: The sandbox is not in sync with the Podfile.lock. Run 'pod install' or update your CocoaPods installation.\nEOM\n    exit 1\nfi\n";
			showEnvVarsInLog = 0;
		};
/* End PBXShellScriptBuildPhase section */

/* Begin PBXSourcesBuildPhase section */
		E57772801B0B3FFA00F56647 /* Sources */ = {
			isa = PBXSourcesBuildPhase;
			buildActionMask = 2147483647;
			files = (
				E57772901B0B3FFA00F56647 /* ViewController.m in Sources */,
				E577728D1B0B3FFA00F56647 /* AppDelegate.m in Sources */,
				E577728A1B0B3FFA00F56647 /* main.m in Sources */,
			);
			runOnlyForDeploymentPostprocessing = 0;
		};
		E57772991B0B3FFA00F56647 /* Sources */ = {
			isa = PBXSourcesBuildPhase;
			buildActionMask = 2147483647;
			files = (
				E57772A41B0B3FFA00F56647 /* EZAudioSampleTests.m in Sources */,
			);
			runOnlyForDeploymentPostprocessing = 0;
		};
/* End PBXSourcesBuildPhase section */

/* Begin PBXTargetDependency section */
		E577729F1B0B3FFA00F56647 /* PBXTargetDependency */ = {
			isa = PBXTargetDependency;
			target = E57772831B0B3FFA00F56647 /* EZAudioSample */;
			targetProxy = E577729E1B0B3FFA00F56647 /* PBXContainerItemProxy */;
		};
/* End PBXTargetDependency section */

/* Begin PBXVariantGroup section */
		E57772911B0B3FFA00F56647 /* Main.storyboard */ = {
			isa = PBXVariantGroup;
			children = (
				E57772921B0B3FFA00F56647 /* Base */,
			);
			name = Main.storyboard;
			sourceTree = "<group>";
		};
		E57772961B0B3FFA00F56647 /* LaunchScreen.xib */ = {
			isa = PBXVariantGroup;
			children = (
				E57772971B0B3FFA00F56647 /* Base */,
			);
			name = LaunchScreen.xib;
			sourceTree = "<group>";
		};
/* End PBXVariantGroup section */

/* Begin XCBuildConfiguration section */
		E57772A51B0B3FFA00F56647 /* Debug */ = {
			isa = XCBuildConfiguration;
			buildSettings = {
				ALWAYS_SEARCH_USER_PATHS = NO;
				CLANG_CXX_LANGUAGE_STANDARD = "gnu++0x";
				CLANG_CXX_LIBRARY = "libc++";
				CLANG_ENABLE_MODULES = YES;
				CLANG_ENABLE_OBJC_ARC = YES;
				CLANG_WARN_BOOL_CONVERSION = YES;
				CLANG_WARN_CONSTANT_CONVERSION = YES;
				CLANG_WARN_DIRECT_OBJC_ISA_USAGE = YES_ERROR;
				CLANG_WARN_EMPTY_BODY = YES;
				CLANG_WARN_ENUM_CONVERSION = YES;
				CLANG_WARN_INT_CONVERSION = YES;
				CLANG_WARN_OBJC_ROOT_CLASS = YES_ERROR;
				CLANG_WARN_UNREACHABLE_CODE = YES;
				CLANG_WARN__DUPLICATE_METHOD_MATCH = YES;
				"CODE_SIGN_IDENTITY[sdk=iphoneos*]" = "iPhone Developer";
				COPY_PHASE_STRIP = NO;
				DEBUG_INFORMATION_FORMAT = "dwarf-with-dsym";
				ENABLE_STRICT_OBJC_MSGSEND = YES;
				GCC_C_LANGUAGE_STANDARD = gnu99;
				GCC_DYNAMIC_NO_PIC = NO;
				GCC_NO_COMMON_BLOCKS = YES;
				GCC_OPTIMIZATION_LEVEL = 0;
				GCC_PREPROCESSOR_DEFINITIONS = (
					"DEBUG=1",
					"$(inherited)",
				);
				GCC_SYMBOLS_PRIVATE_EXTERN = NO;
				GCC_WARN_64_TO_32_BIT_CONVERSION = YES;
				GCC_WARN_ABOUT_RETURN_TYPE = YES_ERROR;
				GCC_WARN_UNDECLARED_SELECTOR = YES;
				GCC_WARN_UNINITIALIZED_AUTOS = YES_AGGRESSIVE;
				GCC_WARN_UNUSED_FUNCTION = YES;
				GCC_WARN_UNUSED_VARIABLE = YES;
				IPHONEOS_DEPLOYMENT_TARGET = 8.3;
				MTL_ENABLE_DEBUG_INFO = YES;
				ONLY_ACTIVE_ARCH = YES;
				SDKROOT = iphoneos;
			};
			name = Debug;
		};
		E57772A61B0B3FFA00F56647 /* Release */ = {
			isa = XCBuildConfiguration;
			buildSettings = {
				ALWAYS_SEARCH_USER_PATHS = NO;
				CLANG_CXX_LANGUAGE_STANDARD = "gnu++0x";
				CLANG_CXX_LIBRARY = "libc++";
				CLANG_ENABLE_MODULES = YES;
				CLANG_ENABLE_OBJC_ARC = YES;
				CLANG_WARN_BOOL_CONVERSION = YES;
				CLANG_WARN_CONSTANT_CONVERSION = YES;
				CLANG_WARN_DIRECT_OBJC_ISA_USAGE = YES_ERROR;
				CLANG_WARN_EMPTY_BODY = YES;
				CLANG_WARN_ENUM_CONVERSION = YES;
				CLANG_WARN_INT_CONVERSION = YES;
				CLANG_WARN_OBJC_ROOT_CLASS = YES_ERROR;
				CLANG_WARN_UNREACHABLE_CODE = YES;
				CLANG_WARN__DUPLICATE_METHOD_MATCH = YES;
				"CODE_SIGN_IDENTITY[sdk=iphoneos*]" = "iPhone Developer";
				COPY_PHASE_STRIP = NO;
				DEBUG_INFORMATION_FORMAT = "dwarf-with-dsym";
				ENABLE_NS_ASSERTIONS = NO;
				ENABLE_STRICT_OBJC_MSGSEND = YES;
				GCC_C_LANGUAGE_STANDARD = gnu99;
				GCC_NO_COMMON_BLOCKS = YES;
				GCC_WARN_64_TO_32_BIT_CONVERSION = YES;
				GCC_WARN_ABOUT_RETURN_TYPE = YES_ERROR;
				GCC_WARN_UNDECLARED_SELECTOR = YES;
				GCC_WARN_UNINITIALIZED_AUTOS = YES_AGGRESSIVE;
				GCC_WARN_UNUSED_FUNCTION = YES;
				GCC_WARN_UNUSED_VARIABLE = YES;
				IPHONEOS_DEPLOYMENT_TARGET = 8.3;
				MTL_ENABLE_DEBUG_INFO = NO;
				SDKROOT = iphoneos;
				VALIDATE_PRODUCT = YES;
			};
			name = Release;
		};
		E57772A81B0B3FFA00F56647 /* Debug */ = {
			isa = XCBuildConfiguration;
			baseConfigurationReference = 2A4D3F7F608F0FA1A56DEB77 /* Pods-EZAudioSample.debug.xcconfig */;
			buildSettings = {
				ASSETCATALOG_COMPILER_APPICON_NAME = AppIcon;
				INFOPLIST_FILE = EZAudioSample/Info.plist;
				LD_RUNPATH_SEARCH_PATHS = "$(inherited) @executable_path/Frameworks";
				PRODUCT_NAME = "$(TARGET_NAME)";
			};
			name = Debug;
		};
		E57772A91B0B3FFA00F56647 /* Release */ = {
			isa = XCBuildConfiguration;
			baseConfigurationReference = B80A6C38870414E31A99B665 /* Pods-EZAudioSample.release.xcconfig */;
			buildSettings = {
				ASSETCATALOG_COMPILER_APPICON_NAME = AppIcon;
				INFOPLIST_FILE = EZAudioSample/Info.plist;
				LD_RUNPATH_SEARCH_PATHS = "$(inherited) @executable_path/Frameworks";
				PRODUCT_NAME = "$(TARGET_NAME)";
			};
			name = Release;
		};
		E57772AB1B0B3FFA00F56647 /* Debug */ = {
			isa = XCBuildConfiguration;
			buildSettings = {
				BUNDLE_LOADER = "$(TEST_HOST)";
				FRAMEWORK_SEARCH_PATHS = (
					"$(SDKROOT)/Developer/Library/Frameworks",
					"$(inherited)",
				);
				GCC_PREPROCESSOR_DEFINITIONS = (
					"DEBUG=1",
					"$(inherited)",
				);
				INFOPLIST_FILE = EZAudioSampleTests/Info.plist;
				LD_RUNPATH_SEARCH_PATHS = "$(inherited) @executable_path/Frameworks @loader_path/Frameworks";
				PRODUCT_NAME = "$(TARGET_NAME)";
				TEST_HOST = "$(BUILT_PRODUCTS_DIR)/EZAudioSample.app/EZAudioSample";
			};
			name = Debug;
		};
		E57772AC1B0B3FFA00F56647 /* Release */ = {
			isa = XCBuildConfiguration;
			buildSettings = {
				BUNDLE_LOADER = "$(TEST_HOST)";
				FRAMEWORK_SEARCH_PATHS = (
					"$(SDKROOT)/Developer/Library/Frameworks",
					"$(inherited)",
				);
				INFOPLIST_FILE = EZAudioSampleTests/Info.plist;
				LD_RUNPATH_SEARCH_PATHS = "$(inherited) @executable_path/Frameworks @loader_path/Frameworks";
				PRODUCT_NAME = "$(TARGET_NAME)";
				TEST_HOST = "$(BUILT_PRODUCTS_DIR)/EZAudioSample.app/EZAudioSample";
			};
			name = Release;
		};
/* End XCBuildConfiguration section */

/* Begin XCConfigurationList section */
		E577727F1B0B3FFA00F56647 /* Build configuration list for PBXProject "EZAudioSample" */ = {
			isa = XCConfigurationList;
			buildConfigurations = (
				E57772A51B0B3FFA00F56647 /* Debug */,
				E57772A61B0B3FFA00F56647 /* Release */,
			);
			defaultConfigurationIsVisible = 0;
			defaultConfigurationName = Release;
		};
		E57772A71B0B3FFA00F56647 /* Build configuration list for PBXNativeTarget "EZAudioSample" */ = {
			isa = XCConfigurationList;
			buildConfigurations = (
				E57772A81B0B3FFA00F56647 /* Debug */,
				E57772A91B0B3FFA00F56647 /* Release */,
			);
			defaultConfigurationIsVisible = 0;
			defaultConfigurationName = Release;
		};
		E57772AA1B0B3FFA00F56647 /* Build configuration list for PBXNativeTarget "EZAudioSampleTests" */ = {
			isa = XCConfigurationList;
			buildConfigurations = (
				E57772AB1B0B3FFA00F56647 /* Debug */,
				E57772AC1B0B3FFA00F56647 /* Release */,
			);
			defaultConfigurationIsVisible = 0;
			defaultConfigurationName = Release;
		};
/* End XCConfigurationList section */
	};
	rootObject = E577727C1B0B3FFA00F56647 /* Project object */;
}
